// !$*UTF8*$!
{
	archiveVersion = 1;
	classes = {
	};
	objectVersion = 50;
	objects = {

/* Begin PBXBuildFile section */
		05521147263876730052C6D0 /* AppDelegate.swift in Sources */ = {isa = PBXBuildFile; fileRef = 05521146263876730052C6D0 /* AppDelegate.swift */; };
		05521149263876730052C6D0 /* art.scnassets in Resources */ = {isa = PBXBuildFile; fileRef = 05521148263876730052C6D0 /* art.scnassets */; };
		0552114B263876730052C6D0 /* ViewController.swift in Sources */ = {isa = PBXBuildFile; fileRef = 0552114A263876730052C6D0 /* ViewController.swift */; };
		0552114E263876730052C6D0 /* Main.storyboard in Resources */ = {isa = PBXBuildFile; fileRef = 0552114C263876730052C6D0 /* Main.storyboard */; };
		05521150263876750052C6D0 /* Assets.xcassets in Resources */ = {isa = PBXBuildFile; fileRef = 0552114F263876750052C6D0 /* Assets.xcassets */; };
		05521153263876750052C6D0 /* LaunchScreen.storyboard in Resources */ = {isa = PBXBuildFile; fileRef = 05521151263876750052C6D0 /* LaunchScreen.storyboard */; };
		0552115E263876750052C6D0 /* imageDetectionWithARKitTests.swift in Sources */ = {isa = PBXBuildFile; fileRef = 0552115D263876750052C6D0 /* imageDetectionWithARKitTests.swift */; };
		05521169263876750052C6D0 /* imageDetectionWithARKitUITests.swift in Sources */ = {isa = PBXBuildFile; fileRef = 05521168263876750052C6D0 /* imageDetectionWithARKitUITests.swift */; };
/* End PBXBuildFile section */

/* Begin PBXContainerItemProxy section */
		0552115A263876750052C6D0 /* PBXContainerItemProxy */ = {
			isa = PBXContainerItemProxy;
			containerPortal = 0552113B263876730052C6D0 /* Project object */;
			proxyType = 1;
			remoteGlobalIDString = 05521142263876730052C6D0;
			remoteInfo = imageDetectionWithARKit;
		};
		05521165263876750052C6D0 /* PBXContainerItemProxy */ = {
			isa = PBXContainerItemProxy;
			containerPortal = 0552113B263876730052C6D0 /* Project object */;
			proxyType = 1;
			remoteGlobalIDString = 05521142263876730052C6D0;
			remoteInfo = imageDetectionWithARKit;
		};
/* End PBXContainerItemProxy section */

/* Begin PBXFileReference section */
		05521143263876730052C6D0 /* imageDetectionWithARKit.app */ = {isa = PBXFileReference; explicitFileType = wrapper.application; includeInIndex = 0; path = imageDetectionWithARKit.app; sourceTree = BUILT_PRODUCTS_DIR; };
		05521146263876730052C6D0 /* AppDelegate.swift */ = {isa = PBXFileReference; lastKnownFileType = sourcecode.swift; path = AppDelegate.swift; sourceTree = "<group>"; };
		05521148263876730052C6D0 /* art.scnassets */ = {isa = PBXFileReference; lastKnownFileType = wrapper.scnassets; path = art.scnassets; sourceTree = "<group>"; };
		0552114A263876730052C6D0 /* ViewController.swift */ = {isa = PBXFileReference; lastKnownFileType = sourcecode.swift; path = ViewController.swift; sourceTree = "<group>"; };
		0552114D263876730052C6D0 /* Base */ = {isa = PBXFileReference; lastKnownFileType = file.storyboard; name = Base; path = Base.lproj/Main.storyboard; sourceTree = "<group>"; };
		0552114F263876750052C6D0 /* Assets.xcassets */ = {isa = PBXFileReference; lastKnownFileType = folder.assetcatalog; path = Assets.xcassets; sourceTree = "<group>"; };
		05521152263876750052C6D0 /* Base */ = {isa = PBXFileReference; lastKnownFileType = file.storyboard; name = Base; path = Base.lproj/LaunchScreen.storyboard; sourceTree = "<group>"; };
		05521154263876750052C6D0 /* Info.plist */ = {isa = PBXFileReference; lastKnownFileType = text.plist.xml; path = Info.plist; sourceTree = "<group>"; };
		05521159263876750052C6D0 /* imageDetectionWithARKitTests.xctest */ = {isa = PBXFileReference; explicitFileType = wrapper.cfbundle; includeInIndex = 0; path = imageDetectionWithARKitTests.xctest; sourceTree = BUILT_PRODUCTS_DIR; };
		0552115D263876750052C6D0 /* imageDetectionWithARKitTests.swift */ = {isa = PBXFileReference; lastKnownFileType = sourcecode.swift; path = imageDetectionWithARKitTests.swift; sourceTree = "<group>"; };
		0552115F263876750052C6D0 /* Info.plist */ = {isa = PBXFileReference; lastKnownFileType = text.plist.xml; path = Info.plist; sourceTree = "<group>"; };
		05521164263876750052C6D0 /* imageDetectionWithARKitUITests.xctest */ = {isa = PBXFileReference; explicitFileType = wrapper.cfbundle; includeInIndex = 0; path = imageDetectionWithARKitUITests.xctest; sourceTree = BUILT_PRODUCTS_DIR; };
		05521168263876750052C6D0 /* imageDetectionWithARKitUITests.swift */ = {isa = PBXFileReference; lastKnownFileType = sourcecode.swift; path = imageDetectionWithARKitUITests.swift; sourceTree = "<group>"; };
		0552116A263876750052C6D0 /* Info.plist */ = {isa = PBXFileReference; lastKnownFileType = text.plist.xml; path = Info.plist; sourceTree = "<group>"; };
/* End PBXFileReference section */

/* Begin PBXFrameworksBuildPhase section */
		05521140263876730052C6D0 /* Frameworks */ = {
			isa = PBXFrameworksBuildPhase;
			buildActionMask = 2147483647;
			files = (
			);
			runOnlyForDeploymentPostprocessing = 0;
		};
		05521156263876750052C6D0 /* Frameworks */ = {
			isa = PBXFrameworksBuildPhase;
			buildActionMask = 2147483647;
			files = (
			);
			runOnlyForDeploymentPostprocessing = 0;
		};
		05521161263876750052C6D0 /* Frameworks */ = {
			isa = PBXFrameworksBuildPhase;
			buildActionMask = 2147483647;
			files = (
			);
			runOnlyForDeploymentPostprocessing = 0;
		};
/* End PBXFrameworksBuildPhase section */

/* Begin PBXGroup section */
		0552113A263876730052C6D0 = {
			isa = PBXGroup;
			children = (
				05521145263876730052C6D0 /* imageDetectionWithARKit */,
				0552115C263876750052C6D0 /* imageDetectionWithARKitTests */,
				05521167263876750052C6D0 /* imageDetectionWithARKitUITests */,
				05521144263876730052C6D0 /* Products */,
			);
			sourceTree = "<group>";
		};
		05521144263876730052C6D0 /* Products */ = {
			isa = PBXGroup;
			children = (
				05521143263876730052C6D0 /* imageDetectionWithARKit.app */,
				05521159263876750052C6D0 /* imageDetectionWithARKitTests.xctest */,
				05521164263876750052C6D0 /* imageDetectionWithARKitUITests.xctest */,
			);
			name = Products;
			sourceTree = "<group>";
		};
		05521145263876730052C6D0 /* imageDetectionWithARKit */ = {
			isa = PBXGroup;
			children = (
				05521146263876730052C6D0 /* AppDelegate.swift */,
				05521148263876730052C6D0 /* art.scnassets */,
				0552114A263876730052C6D0 /* ViewController.swift */,
				0552114C263876730052C6D0 /* Main.storyboard */,
				0552114F263876750052C6D0 /* Assets.xcassets */,
				05521151263876750052C6D0 /* LaunchScreen.storyboard */,
				05521154263876750052C6D0 /* Info.plist */,
			);
			path = imageDetectionWithARKit;
			sourceTree = "<group>";
		};
		0552115C263876750052C6D0 /* imageDetectionWithARKitTests */ = {
			isa = PBXGroup;
			children = (
				0552115D263876750052C6D0 /* imageDetectionWithARKitTests.swift */,
				0552115F263876750052C6D0 /* Info.plist */,
			);
			path = imageDetectionWithARKitTests;
			sourceTree = "<group>";
		};
		05521167263876750052C6D0 /* imageDetectionWithARKitUITests */ = {
			isa = PBXGroup;
			children = (
				05521168263876750052C6D0 /* imageDetectionWithARKitUITests.swift */,
				0552116A263876750052C6D0 /* Info.plist */,
			);
			path = imageDetectionWithARKitUITests;
			sourceTree = "<group>";
		};
/* End PBXGroup section */

/* Begin PBXNativeTarget section */
		05521142263876730052C6D0 /* imageDetectionWithARKit */ = {
			isa = PBXNativeTarget;
			buildConfigurationList = 0552116D263876750052C6D0 /* Build configuration list for PBXNativeTarget "imageDetectionWithARKit" */;
			buildPhases = (
				0552113F263876730052C6D0 /* Sources */,
				05521140263876730052C6D0 /* Frameworks */,
				05521141263876730052C6D0 /* Resources */,
			);
			buildRules = (
			);
			dependencies = (
			);
			name = imageDetectionWithARKit;
			productName = imageDetectionWithARKit;
			productReference = 05521143263876730052C6D0 /* imageDetectionWithARKit.app */;
			productType = "com.apple.product-type.application";
		};
		05521158263876750052C6D0 /* imageDetectionWithARKitTests */ = {
			isa = PBXNativeTarget;
			buildConfigurationList = 05521170263876750052C6D0 /* Build configuration list for PBXNativeTarget "imageDetectionWithARKitTests" */;
			buildPhases = (
				05521155263876750052C6D0 /* Sources */,
				05521156263876750052C6D0 /* Frameworks */,
				05521157263876750052C6D0 /* Resources */,
			);
			buildRules = (
			);
			dependencies = (
				0552115B263876750052C6D0 /* PBXTargetDependency */,
			);
			name = imageDetectionWithARKitTests;
			productName = imageDetectionWithARKitTests;
			productReference = 05521159263876750052C6D0 /* imageDetectionWithARKitTests.xctest */;
			productType = "com.apple.product-type.bundle.unit-test";
		};
		05521163263876750052C6D0 /* imageDetectionWithARKitUITests */ = {
			isa = PBXNativeTarget;
			buildConfigurationList = 05521173263876750052C6D0 /* Build configuration list for PBXNativeTarget "imageDetectionWithARKitUITests" */;
			buildPhases = (
				05521160263876750052C6D0 /* Sources */,
				05521161263876750052C6D0 /* Frameworks */,
				05521162263876750052C6D0 /* Resources */,
			);
			buildRules = (
			);
			dependencies = (
				05521166263876750052C6D0 /* PBXTargetDependency */,
			);
			name = imageDetectionWithARKitUITests;
			productName = imageDetectionWithARKitUITests;
			productReference = 05521164263876750052C6D0 /* imageDetectionWithARKitUITests.xctest */;
			productType = "com.apple.product-type.bundle.ui-testing";
		};
/* End PBXNativeTarget section */

/* Begin PBXProject section */
		0552113B263876730052C6D0 /* Project object */ = {
			isa = PBXProject;
			attributes = {
				LastSwiftUpdateCheck = 1240;
				LastUpgradeCheck = 1240;
				TargetAttributes = {
					05521142263876730052C6D0 = {
						CreatedOnToolsVersion = 12.4;
					};
					05521158263876750052C6D0 = {
						CreatedOnToolsVersion = 12.4;
						TestTargetID = 05521142263876730052C6D0;
					};
					05521163263876750052C6D0 = {
						CreatedOnToolsVersion = 12.4;
						TestTargetID = 05521142263876730052C6D0;
					};
				};
			};
			buildConfigurationList = 0552113E263876730052C6D0 /* Build configuration list for PBXProject "imageDetectionWithARKit" */;
			compatibilityVersion = "Xcode 9.3";
			developmentRegion = en;
			hasScannedForEncodings = 0;
			knownRegions = (
				en,
				Base,
			);
			mainGroup = 0552113A263876730052C6D0;
			productRefGroup = 05521144263876730052C6D0 /* Products */;
			projectDirPath = "";
			projectRoot = "";
			targets = (
				05521142263876730052C6D0 /* imageDetectionWithARKit */,
				05521158263876750052C6D0 /* imageDetectionWithARKitTests */,
				05521163263876750052C6D0 /* imageDetectionWithARKitUITests */,
			);
		};
/* End PBXProject section */

/* Begin PBXResourcesBuildPhase section */
		05521141263876730052C6D0 /* Resources */ = {
			isa = PBXResourcesBuildPhase;
			buildActionMask = 2147483647;
			files = (
				05521149263876730052C6D0 /* art.scnassets in Resources */,
				05521153263876750052C6D0 /* LaunchScreen.storyboard in Resources */,
				05521150263876750052C6D0 /* Assets.xcassets in Resources */,
				0552114E263876730052C6D0 /* Main.storyboard in Resources */,
			);
			runOnlyForDeploymentPostprocessing = 0;
		};
		05521157263876750052C6D0 /* Resources */ = {
			isa = PBXResourcesBuildPhase;
			buildActionMask = 2147483647;
			files = (
			);
			runOnlyForDeploymentPostprocessing = 0;
		};
		05521162263876750052C6D0 /* Resources */ = {
			isa = PBXResourcesBuildPhase;
			buildActionMask = 2147483647;
			files = (
			);
			runOnlyForDeploymentPostprocessing = 0;
		};
/* End PBXResourcesBuildPhase section */

/* Begin PBXSourcesBuildPhase section */
		0552113F263876730052C6D0 /* Sources */ = {
			isa = PBXSourcesBuildPhase;
			buildActionMask = 2147483647;
			files = (
				0552114B263876730052C6D0 /* ViewController.swift in Sources */,
				05521147263876730052C6D0 /* AppDelegate.swift in Sources */,
			);
			runOnlyForDeploymentPostprocessing = 0;
		};
		05521155263876750052C6D0 /* Sources */ = {
			isa = PBXSourcesBuildPhase;
			buildActionMask = 2147483647;
			files = (
				0552115E263876750052C6D0 /* imageDetectionWithARKitTests.swift in Sources */,
			);
			runOnlyForDeploymentPostprocessing = 0;
		};
		05521160263876750052C6D0 /* Sources */ = {
			isa = PBXSourcesBuildPhase;
			buildActionMask = 2147483647;
			files = (
				05521169263876750052C6D0 /* imageDetectionWithARKitUITests.swift in Sources */,
			);
			runOnlyForDeploymentPostprocessing = 0;
		};
/* End PBXSourcesBuildPhase section */

/* Begin PBXTargetDependency section */
		0552115B263876750052C6D0 /* PBXTargetDependency */ = {
			isa = PBXTargetDependency;
			target = 05521142263876730052C6D0 /* imageDetectionWithARKit */;
			targetProxy = 0552115A263876750052C6D0 /* PBXContainerItemProxy */;
		};
		05521166263876750052C6D0 /* PBXTargetDependency */ = {
			isa = PBXTargetDependency;
			target = 05521142263876730052C6D0 /* imageDetectionWithARKit */;
			targetProxy = 05521165263876750052C6D0 /* PBXContainerItemProxy */;
		};
/* End PBXTargetDependency section */

/* Begin PBXVariantGroup section */
		0552114C263876730052C6D0 /* Main.storyboard */ = {
			isa = PBXVariantGroup;
			children = (
				0552114D263876730052C6D0 /* Base */,
			);
			name = Main.storyboard;
			sourceTree = "<group>";
		};
		05521151263876750052C6D0 /* LaunchScreen.storyboard */ = {
			isa = PBXVariantGroup;
			children = (
				05521152263876750052C6D0 /* Base */,
			);
			name = LaunchScreen.storyboard;
			sourceTree = "<group>";
		};
/* End PBXVariantGroup section */

/* Begin XCBuildConfiguration section */
		0552116B263876750052C6D0 /* Debug */ = {
			isa = XCBuildConfiguration;
			buildSettings = {
				ALWAYS_SEARCH_USER_PATHS = NO;
				CLANG_ANALYZER_NONNULL = YES;
				CLANG_ANALYZER_NUMBER_OBJECT_CONVERSION = YES_AGGRESSIVE;
				CLANG_CXX_LANGUAGE_STANDARD = "gnu++14";
				CLANG_CXX_LIBRARY = "libc++";
				CLANG_ENABLE_MODULES = YES;
				CLANG_ENABLE_OBJC_ARC = YES;
				CLANG_ENABLE_OBJC_WEAK = YES;
				CLANG_WARN_BLOCK_CAPTURE_AUTORELEASING = YES;
				CLANG_WARN_BOOL_CONVERSION = YES;
				CLANG_WARN_COMMA = YES;
				CLANG_WARN_CONSTANT_CONVERSION = YES;
				CLANG_WARN_DEPRECATED_OBJC_IMPLEMENTATIONS = YES;
				CLANG_WARN_DIRECT_OBJC_ISA_USAGE = YES_ERROR;
				CLANG_WARN_DOCUMENTATION_COMMENTS = YES;
				CLANG_WARN_EMPTY_BODY = YES;
				CLANG_WARN_ENUM_CONVERSION = YES;
				CLANG_WARN_INFINITE_RECURSION = YES;
				CLANG_WARN_INT_CONVERSION = YES;
				CLANG_WARN_NON_LITERAL_NULL_CONVERSION = YES;
				CLANG_WARN_OBJC_IMPLICIT_RETAIN_SELF = YES;
				CLANG_WARN_OBJC_LITERAL_CONVERSION = YES;
				CLANG_WARN_OBJC_ROOT_CLASS = YES_ERROR;
				CLANG_WARN_QUOTED_INCLUDE_IN_FRAMEWORK_HEADER = YES;
				CLANG_WARN_RANGE_LOOP_ANALYSIS = YES;
				CLANG_WARN_STRICT_PROTOTYPES = YES;
				CLANG_WARN_SUSPICIOUS_MOVE = YES;
				CLANG_WARN_UNGUARDED_AVAILABILITY = YES_AGGRESSIVE;
				CLANG_WARN_UNREACHABLE_CODE = YES;
				CLANG_WARN__DUPLICATE_METHOD_MATCH = YES;
				COPY_PHASE_STRIP = NO;
				DEBUG_INFORMATION_FORMAT = dwarf;
				ENABLE_STRICT_OBJC_MSGSEND = YES;
				ENABLE_TESTABILITY = YES;
				GCC_C_LANGUAGE_STANDARD = gnu11;
				GCC_DYNAMIC_NO_PIC = NO;
				GCC_NO_COMMON_BLOCKS = YES;
				GCC_OPTIMIZATION_LEVEL = 0;
				GCC_PREPROCESSOR_DEFINITIONS = (
					"DEBUG=1",
					"$(inherited)",
				);
				GCC_WARN_64_TO_32_BIT_CONVERSION = YES;
				GCC_WARN_ABOUT_RETURN_TYPE = YES_ERROR;
				GCC_WARN_UNDECLARED_SELECTOR = YES;
				GCC_WARN_UNINITIALIZED_AUTOS = YES_AGGRESSIVE;
				GCC_WARN_UNUSED_FUNCTION = YES;
				GCC_WARN_UNUSED_VARIABLE = YES;
				IPHONEOS_DEPLOYMENT_TARGET = 14.4;
				MTL_ENABLE_DEBUG_INFO = INCLUDE_SOURCE;
				MTL_FAST_MATH = YES;
				ONLY_ACTIVE_ARCH = YES;
				SDKROOT = iphoneos;
				SWIFT_ACTIVE_COMPILATION_CONDITIONS = DEBUG;
				SWIFT_OPTIMIZATION_LEVEL = "-Onone";
			};
			name = Debug;
		};
		0552116C263876750052C6D0 /* Release */ = {
			isa = XCBuildConfiguration;
			buildSettings = {
				ALWAYS_SEARCH_USER_PATHS = NO;
				CLANG_ANALYZER_NONNULL = YES;
				CLANG_ANALYZER_NUMBER_OBJECT_CONVERSION = YES_AGGRESSIVE;
				CLANG_CXX_LANGUAGE_STANDARD = "gnu++14";
				CLANG_CXX_LIBRARY = "libc++";
				CLANG_ENABLE_MODULES = YES;
				CLANG_ENABLE_OBJC_ARC = YES;
				CLANG_ENABLE_OBJC_WEAK = YES;
				CLANG_WARN_BLOCK_CAPTURE_AUTORELEASING = YES;
				CLANG_WARN_BOOL_CONVERSION = YES;
				CLANG_WARN_COMMA = YES;
				CLANG_WARN_CONSTANT_CONVERSION = YES;
				CLANG_WARN_DEPRECATED_OBJC_IMPLEMENTATIONS = YES;
				CLANG_WARN_DIRECT_OBJC_ISA_USAGE = YES_ERROR;
				CLANG_WARN_DOCUMENTATION_COMMENTS = YES;
				CLANG_WARN_EMPTY_BODY = YES;
				CLANG_WARN_ENUM_CONVERSION = YES;
				CLANG_WARN_INFINITE_RECURSION = YES;
				CLANG_WARN_INT_CONVERSION = YES;
				CLANG_WARN_NON_LITERAL_NULL_CONVERSION = YES;
				CLANG_WARN_OBJC_IMPLICIT_RETAIN_SELF = YES;
				CLANG_WARN_OBJC_LITERAL_CONVERSION = YES;
				CLANG_WARN_OBJC_ROOT_CLASS = YES_ERROR;
				CLANG_WARN_QUOTED_INCLUDE_IN_FRAMEWORK_HEADER = YES;
				CLANG_WARN_RANGE_LOOP_ANALYSIS = YES;
				CLANG_WARN_STRICT_PROTOTYPES = YES;
				CLANG_WARN_SUSPICIOUS_MOVE = YES;
				CLANG_WARN_UNGUARDED_AVAILABILITY = YES_AGGRESSIVE;
				CLANG_WARN_UNREACHABLE_CODE = YES;
				CLANG_WARN__DUPLICATE_METHOD_MATCH = YES;
				COPY_PHASE_STRIP = NO;
				DEBUG_INFORMATION_FORMAT = "dwarf-with-dsym";
				ENABLE_NS_ASSERTIONS = NO;
				ENABLE_STRICT_OBJC_MSGSEND = YES;
				GCC_C_LANGUAGE_STANDARD = gnu11;
				GCC_NO_COMMON_BLOCKS = YES;
				GCC_WARN_64_TO_32_BIT_CONVERSION = YES;
				GCC_WARN_ABOUT_RETURN_TYPE = YES_ERROR;
				GCC_WARN_UNDECLARED_SELECTOR = YES;
				GCC_WARN_UNINITIALIZED_AUTOS = YES_AGGRESSIVE;
				GCC_WARN_UNUSED_FUNCTION = YES;
				GCC_WARN_UNUSED_VARIABLE = YES;
				IPHONEOS_DEPLOYMENT_TARGET = 14.4;
				MTL_ENABLE_DEBUG_INFO = NO;
				MTL_FAST_MATH = YES;
				SDKROOT = iphoneos;
				SWIFT_COMPILATION_MODE = wholemodule;
				SWIFT_OPTIMIZATION_LEVEL = "-O";
				VALIDATE_PRODUCT = YES;
			};
			name = Release;
		};
		0552116E263876750052C6D0 /* Debug */ = {
			isa = XCBuildConfiguration;
			buildSettings = {
				ASSETCATALOG_COMPILER_APPICON_NAME = AppIcon;
				ASSETCATALOG_COMPILER_GLOBAL_ACCENT_COLOR_NAME = AccentColor;
				CODE_SIGN_STYLE = Automatic;
				DEVELOPMENT_TEAM = YLJ7V5YFW3;
				INFOPLIST_FILE = imageDetectionWithARKit/Info.plist;
				LD_RUNPATH_SEARCH_PATHS = (
					"$(inherited)",
					"@executable_path/Frameworks",
				);
				PRODUCT_BUNDLE_IDENTIFIER = com.jada.imageDetectionWithARKit;
				PRODUCT_NAME = "$(TARGET_NAME)";
				SWIFT_VERSION = 5.0;
				TARGETED_DEVICE_FAMILY = "1,2";
			};
			name = Debug;
		};
		0552116F263876750052C6D0 /* Release */ = {
			isa = XCBuildConfiguration;
			buildSettings = {
				ASSETCATALOG_COMPILER_APPICON_NAME = AppIcon;
				ASSETCATALOG_COMPILER_GLOBAL_ACCENT_COLOR_NAME = AccentColor;
				CODE_SIGN_STYLE = Automatic;
				DEVELOPMENT_TEAM = YLJ7V5YFW3;
				INFOPLIST_FILE = imageDetectionWithARKit/Info.plist;
				LD_RUNPATH_SEARCH_PATHS = (
					"$(inherited)",
					"@executable_path/Frameworks",
				);
				PRODUCT_BUNDLE_IDENTIFIER = com.jada.imageDetectionWithARKit;
				PRODUCT_NAME = "$(TARGET_NAME)";
				SWIFT_VERSION = 5.0;
				TARGETED_DEVICE_FAMILY = "1,2";
			};
			name = Release;
		};
		05521171263876750052C6D0 /* Debug */ = {
			isa = XCBuildConfiguration;
			buildSettings = {
				ALWAYS_EMBED_SWIFT_STANDARD_LIBRARIES = YES;
				BUNDLE_LOADER = "$(TEST_HOST)";
				CODE_SIGN_STYLE = Automatic;
				DEVELOPMENT_TEAM = YLJ7V5YFW3;
				INFOPLIST_FILE = imageDetectionWithARKitTests/Info.plist;
				IPHONEOS_DEPLOYMENT_TARGET = 14.4;
				LD_RUNPATH_SEARCH_PATHS = (
					"$(inherited)",
					"@executable_path/Frameworks",
					"@loader_path/Frameworks",
				);
				PRODUCT_BUNDLE_IDENTIFIER = com.jada.imageDetectionWithARKitTests;
				PRODUCT_NAME = "$(TARGET_NAME)";
				SWIFT_VERSION = 5.0;
				TARGETED_DEVICE_FAMILY = "1,2";
				TEST_HOST = "$(BUILT_PRODUCTS_DIR)/imageDetectionWithARKit.app/imageDetectionWithARKit";
			};
			name = Debug;
		};
		05521172263876750052C6D0 /* Release */ = {
			isa = XCBuildConfiguration;
			buildSettings = {
				ALWAYS_EMBED_SWIFT_STANDARD_LIBRARIES = YES;
				BUNDLE_LOADER = "$(TEST_HOST)";
				CODE_SIGN_STYLE = Automatic;
				DEVELOPMENT_TEAM = YLJ7V5YFW3;
				INFOPLIST_FILE = imageDetectionWithARKitTests/Info.plist;
				IPHONEOS_DEPLOYMENT_TARGET = 14.4;
				LD_RUNPATH_SEARCH_PATHS = (
					"$(inherited)",
					"@executable_path/Frameworks",
					"@loader_path/Frameworks",
				);
				PRODUCT_BUNDLE_IDENTIFIER = com.jada.imageDetectionWithARKitTests;
				PRODUCT_NAME = "$(TARGET_NAME)";
				SWIFT_VERSION = 5.0;
				TARGETED_DEVICE_FAMILY = "1,2";
				TEST_HOST = "$(BUILT_PRODUCTS_DIR)/imageDetectionWithARKit.app/imageDetectionWithARKit";
			};
			name = Release;
		};
		05521174263876750052C6D0 /* Debug */ = {
			isa = XCBuildConfiguration;
			buildSettings = {
				ALWAYS_EMBED_SWIFT_STANDARD_LIBRARIES = YES;
				CODE_SIGN_STYLE = Automatic;
				DEVELOPMENT_TEAM = YLJ7V5YFW3;
				INFOPLIST_FILE = imageDetectionWithARKitUITests/Info.plist;
				LD_RUNPATH_SEARCH_PATHS = (
					"$(inherited)",
					"@executable_path/Frameworks",
					"@loader_path/Frameworks",
				);
				PRODUCT_BUNDLE_IDENTIFIER = com.jada.imageDetectionWithARKitUITests;
				PRODUCT_NAME = "$(TARGET_NAME)";
				SWIFT_VERSION = 5.0;
				TARGETED_DEVICE_FAMILY = "1,2";
				TEST_TARGET_NAME = imageDetectionWithARKit;
			};
			name = Debug;
		};
		05521175263876750052C6D0 /* Release */ = {
			isa = XCBuildConfiguration;
			buildSettings = {
				ALWAYS_EMBED_SWIFT_STANDARD_LIBRARIES = YES;
				CODE_SIGN_STYLE = Automatic;
				DEVELOPMENT_TEAM = YLJ7V5YFW3;
				INFOPLIST_FILE = imageDetectionWithARKitUITests/Info.plist;
				LD_RUNPATH_SEARCH_PATHS = (
					"$(inherited)",
					"@executable_path/Frameworks",
					"@loader_path/Frameworks",
				);
				PRODUCT_BUNDLE_IDENTIFIER = com.jada.imageDetectionWithARKitUITests;
				PRODUCT_NAME = "$(TARGET_NAME)";
				SWIFT_VERSION = 5.0;
				TARGETED_DEVICE_FAMILY = "1,2";
				TEST_TARGET_NAME = imageDetectionWithARKit;
			};
			name = Release;
		};
/* End XCBuildConfiguration section */

/* Begin XCConfigurationList section */
		0552113E263876730052C6D0 /* Build configuration list for PBXProject "imageDetectionWithARKit" */ = {
			isa = XCConfigurationList;
			buildConfigurations = (
				0552116B263876750052C6D0 /* Debug */,
				0552116C263876750052C6D0 /* Release */,
			);
			defaultConfigurationIsVisible = 0;
			defaultConfigurationName = Release;
		};
		0552116D263876750052C6D0 /* Build configuration list for PBXNativeTarget "imageDetectionWithARKit" */ = {
			isa = XCConfigurationList;
			buildConfigurations = (
				0552116E263876750052C6D0 /* Debug */,
				0552116F263876750052C6D0 /* Release */,
			);
			defaultConfigurationIsVisible = 0;
			defaultConfigurationName = Release;
		};
		05521170263876750052C6D0 /* Build configuration list for PBXNativeTarget "imageDetectionWithARKitTests" */ = {
			isa = XCConfigurationList;
			buildConfigurations = (
				05521171263876750052C6D0 /* Debug */,
				05521172263876750052C6D0 /* Release */,
			);
			defaultConfigurationIsVisible = 0;
			defaultConfigurationName = Release;
		};
		05521173263876750052C6D0 /* Build configuration list for PBXNativeTarget "imageDetectionWithARKitUITests" */ = {
			isa = XCConfigurationList;
			buildConfigurations = (
				05521174263876750052C6D0 /* Debug */,
				05521175263876750052C6D0 /* Release */,
			);
			defaultConfigurationIsVisible = 0;
			defaultConfigurationName = Release;
		};
/* End XCConfigurationList section */
	};
	rootObject = 0552113B263876730052C6D0 /* Project object */;
}
